// !$*UTF8*$!
{
	archiveVersion = 1;
	classes = {
	};
	objectVersion = 50;
	objects = {

/* Begin PBXBuildFile section */
		944F5F3124B7B03B00B826C1 /* AppDelegate.swift in Sources */ = {isa = PBXBuildFile; fileRef = 944F5F3024B7B03B00B826C1 /* AppDelegate.swift */; };
		944F5F3324B7B03B00B826C1 /* SceneDelegate.swift in Sources */ = {isa = PBXBuildFile; fileRef = 944F5F3224B7B03B00B826C1 /* SceneDelegate.swift */; };
		944F5F3524B7B03B00B826C1 /* ViewController.swift in Sources */ = {isa = PBXBuildFile; fileRef = 944F5F3424B7B03B00B826C1 /* ViewController.swift */; };
		944F5F3824B7B03B00B826C1 /* Main.storyboard in Resources */ = {isa = PBXBuildFile; fileRef = 944F5F3624B7B03B00B826C1 /* Main.storyboard */; };
		944F5F3A24B7B03C00B826C1 /* Assets.xcassets in Resources */ = {isa = PBXBuildFile; fileRef = 944F5F3924B7B03C00B826C1 /* Assets.xcassets */; };
		944F5F3D24B7B03C00B826C1 /* LaunchScreen.storyboard in Resources */ = {isa = PBXBuildFile; fileRef = 944F5F3B24B7B03C00B826C1 /* LaunchScreen.storyboard */; };
		944F5F4524B7B0E000B826C1 /* TableViewController.swift in Sources */ = {isa = PBXBuildFile; fileRef = 944F5F4424B7B0E000B826C1 /* TableViewController.swift */; };
		944F5F4724B7B90D00B826C1 /* TableViewCell.swift in Sources */ = {isa = PBXBuildFile; fileRef = 944F5F4624B7B90D00B826C1 /* TableViewCell.swift */; };
/* End PBXBuildFile section */

/* Begin PBXFileReference section */
		944F5F2D24B7B03B00B826C1 /* TableView5.app */ = {isa = PBXFileReference; explicitFileType = wrapper.application; includeInIndex = 0; path = TableView5.app; sourceTree = BUILT_PRODUCTS_DIR; };
		944F5F3024B7B03B00B826C1 /* AppDelegate.swift */ = {isa = PBXFileReference; lastKnownFileType = sourcecode.swift; path = AppDelegate.swift; sourceTree = "<group>"; };
		944F5F3224B7B03B00B826C1 /* SceneDelegate.swift */ = {isa = PBXFileReference; lastKnownFileType = sourcecode.swift; path = SceneDelegate.swift; sourceTree = "<group>"; };
		944F5F3424B7B03B00B826C1 /* ViewController.swift */ = {isa = PBXFileReference; lastKnownFileType = sourcecode.swift; path = ViewController.swift; sourceTree = "<group>"; };
		944F5F3724B7B03B00B826C1 /* Base */ = {isa = PBXFileReference; lastKnownFileType = file.storyboard; name = Base; path = Base.lproj/Main.storyboard; sourceTree = "<group>"; };
		944F5F3924B7B03C00B826C1 /* Assets.xcassets */ = {isa = PBXFileReference; lastKnownFileType = folder.assetcatalog; path = Assets.xcassets; sourceTree = "<group>"; };
		944F5F3C24B7B03C00B826C1 /* Base */ = {isa = PBXFileReference; lastKnownFileType = file.storyboard; name = Base; path = Base.lproj/LaunchScreen.storyboard; sourceTree = "<group>"; };
		944F5F3E24B7B03C00B826C1 /* Info.plist */ = {isa = PBXFileReference; lastKnownFileType = text.plist.xml; path = Info.plist; sourceTree = "<group>"; };
		944F5F4424B7B0E000B826C1 /* TableViewController.swift */ = {isa = PBXFileReference; lastKnownFileType = sourcecode.swift; path = TableViewController.swift; sourceTree = "<group>"; };
		944F5F4624B7B90D00B826C1 /* TableViewCell.swift */ = {isa = PBXFileReference; lastKnownFileType = sourcecode.swift; path = TableViewCell.swift; sourceTree = "<group>"; };
/* End PBXFileReference section */

/* Begin PBXFrameworksBuildPhase section */
		944F5F2A24B7B03B00B826C1 /* Frameworks */ = {
			isa = PBXFrameworksBuildPhase;
			buildActionMask = 2147483647;
			files = (
			);
			runOnlyForDeploymentPostprocessing = 0;
		};
/* End PBXFrameworksBuildPhase section */

/* Begin PBXGroup section */
		944F5F2424B7B03B00B826C1 = {
			isa = PBXGroup;
			children = (
				944F5F2F24B7B03B00B826C1 /* TableView5 */,
				944F5F2E24B7B03B00B826C1 /* Products */,
			);
			sourceTree = "<group>";
		};
		944F5F2E24B7B03B00B826C1 /* Products */ = {
			isa = PBXGroup;
			children = (
				944F5F2D24B7B03B00B826C1 /* TableView5.app */,
			);
			name = Products;
			sourceTree = "<group>";
		};
		944F5F2F24B7B03B00B826C1 /* TableView5 */ = {
			isa = PBXGroup;
			children = (
				944F5F3024B7B03B00B826C1 /* AppDelegate.swift */,
				944F5F3224B7B03B00B826C1 /* SceneDelegate.swift */,
				944F5F3424B7B03B00B826C1 /* ViewController.swift */,
				944F5F4624B7B90D00B826C1 /* TableViewCell.swift */,
				944F5F3624B7B03B00B826C1 /* Main.storyboard */,
				944F5F4424B7B0E000B826C1 /* TableViewController.swift */,
				944F5F3924B7B03C00B826C1 /* Assets.xcassets */,
				944F5F3B24B7B03C00B826C1 /* LaunchScreen.storyboard */,
				944F5F3E24B7B03C00B826C1 /* Info.plist */,
			);
			path = TableView5;
			sourceTree = "<group>";
		};
/* End PBXGroup section */

/* Begin PBXNativeTarget section */
		944F5F2C24B7B03B00B826C1 /* TableView5 */ = {
			isa = PBXNativeTarget;
			buildConfigurationList = 944F5F4124B7B03C00B826C1 /* Build configuration list for PBXNativeTarget "TableView5" */;
			buildPhases = (
				944F5F2924B7B03B00B826C1 /* Sources */,
				944F5F2A24B7B03B00B826C1 /* Frameworks */,
				944F5F2B24B7B03B00B826C1 /* Resources */,
			);
			buildRules = (
			);
			dependencies = (
			);
			name = TableView5;
			productName = TableView5;
			productReference = 944F5F2D24B7B03B00B826C1 /* TableView5.app */;
			productType = "com.apple.product-type.application";
		};
/* End PBXNativeTarget section */

/* Begin PBXProject section */
		944F5F2524B7B03B00B826C1 /* Project object */ = {
			isa = PBXProject;
			attributes = {
				LastSwiftUpdateCheck = 1150;
				LastUpgradeCheck = 1150;
				ORGANIZATIONNAME = "Dalal Aljouhar";
				TargetAttributes = {
					944F5F2C24B7B03B00B826C1 = {
						CreatedOnToolsVersion = 11.5;
					};
				};
			};
			buildConfigurationList = 944F5F2824B7B03B00B826C1 /* Build configuration list for PBXProject "TableView5" */;
			compatibilityVersion = "Xcode 9.3";
			developmentRegion = en;
			hasScannedForEncodings = 0;
			knownRegions = (
				en,
				Base,
			);
			mainGroup = 944F5F2424B7B03B00B826C1;
			productRefGroup = 944F5F2E24B7B03B00B826C1 /* Products */;
			projectDirPath = "";
			projectRoot = "";
			targets = (
				944F5F2C24B7B03B00B826C1 /* TableView5 */,
			);
		};
/* End PBXProject section */

/* Begin PBXResourcesBuildPhase section */
		944F5F2B24B7B03B00B826C1 /* Resources */ = {
			isa = PBXResourcesBuildPhase;
			buildActionMask = 2147483647;
			files = (
				944F5F3D24B7B03C00B826C1 /* LaunchScreen.storyboard in Resources */,
				944F5F3A24B7B03C00B826C1 /* Assets.xcassets in Resources */,
				944F5F3824B7B03B00B826C1 /* Main.storyboard in Resources */,
			);
			runOnlyForDeploymentPostprocessing = 0;
		};
/* End PBXResourcesBuildPhase section */

/* Begin PBXSourcesBuildPhase section */
		944F5F2924B7B03B00B826C1 /* Sources */ = {
			isa = PBXSourcesBuildPhase;
			buildActionMask = 2147483647;
			files = (
				944F5F4724B7B90D00B826C1 /* TableViewCell.swift in Sources */,
				944F5F3524B7B03B00B826C1 /* ViewController.swift in Sources */,
				944F5F3124B7B03B00B826C1 /* AppDelegate.swift in Sources */,
				944F5F3324B7B03B00B826C1 /* SceneDelegate.swift in Sources */,
				944F5F4524B7B0E000B826C1 /* TableViewController.swift in Sources */,
			);
			runOnlyForDeploymentPostprocessing = 0;
		};
/* End PBXSourcesBuildPhase section */

/* Begin PBXVariantGroup section */
		944F5F3624B7B03B00B826C1 /* Main.storyboard */ = {
			isa = PBXVariantGroup;
			children = (
				944F5F3724B7B03B00B826C1 /* Base */,
			);
			name = Main.storyboard;
			sourceTree = "<group>";
		};
		944F5F3B24B7B03C00B826C1 /* LaunchScreen.storyboard */ = {
			isa = PBXVariantGroup;
			children = (
				944F5F3C24B7B03C00B826C1 /* Base */,
			);
			name = LaunchScreen.storyboard;
			sourceTree = "<group>";
		};
/* End PBXVariantGroup section */

/* Begin XCBuildConfiguration section */
		944F5F3F24B7B03C00B826C1 /* Debug */ = {
			isa = XCBuildConfiguration;
			buildSettings = {
				ALWAYS_SEARCH_USER_PATHS = NO;
				CLANG_ANALYZER_NONNULL = YES;
				CLANG_ANALYZER_NUMBER_OBJECT_CONVERSION = YES_AGGRESSIVE;
				CLANG_CXX_LANGUAGE_STANDARD = "gnu++14";
				CLANG_CXX_LIBRARY = "libc++";
				CLANG_ENABLE_MODULES = YES;
				CLANG_ENABLE_OBJC_ARC = YES;
				CLANG_ENABLE_OBJC_WEAK = YES;
				CLANG_WARN_BLOCK_CAPTURE_AUTORELEASING = YES;
				CLANG_WARN_BOOL_CONVERSION = YES;
				CLANG_WARN_COMMA = YES;
				CLANG_WARN_CONSTANT_CONVERSION = YES;
				CLANG_WARN_DEPRECATED_OBJC_IMPLEMENTATIONS = YES;
				CLANG_WARN_DIRECT_OBJC_ISA_USAGE = YES_ERROR;
				CLANG_WARN_DOCUMENTATION_COMMENTS = YES;
				CLANG_WARN_EMPTY_BODY = YES;
				CLANG_WARN_ENUM_CONVERSION = YES;
				CLANG_WARN_INFINITE_RECURSION = YES;
				CLANG_WARN_INT_CONVERSION = YES;
				CLANG_WARN_NON_LITERAL_NULL_CONVERSION = YES;
				CLANG_WARN_OBJC_IMPLICIT_RETAIN_SELF = YES;
				CLANG_WARN_OBJC_LITERAL_CONVERSION = YES;
				CLANG_WARN_OBJC_ROOT_CLASS = YES_ERROR;
				CLANG_WARN_RANGE_LOOP_ANALYSIS = YES;
				CLANG_WARN_STRICT_PROTOTYPES = YES;
				CLANG_WARN_SUSPICIOUS_MOVE = YES;
				CLANG_WARN_UNGUARDED_AVAILABILITY = YES_AGGRESSIVE;
				CLANG_WARN_UNREACHABLE_CODE = YES;
				CLANG_WARN__DUPLICATE_METHOD_MATCH = YES;
				COPY_PHASE_STRIP = NO;
				DEBUG_INFORMATION_FORMAT = dwarf;
				ENABLE_STRICT_OBJC_MSGSEND = YES;
				ENABLE_TESTABILITY = YES;
				GCC_C_LANGUAGE_STANDARD = gnu11;
				GCC_DYNAMIC_NO_PIC = NO;
				GCC_NO_COMMON_BLOCKS = YES;
				GCC_OPTIMIZATION_LEVEL = 0;
				GCC_PREPROCESSOR_DEFINITIONS = (
					"DEBUG=1",
					"$(inherited)",
				);
				GCC_WARN_64_TO_32_BIT_CONVERSION = YES;
				GCC_WARN_ABOUT_RETURN_TYPE = YES_ERROR;
				GCC_WARN_UNDECLARED_SELECTOR = YES;
				GCC_WARN_UNINITIALIZED_AUTOS = YES_AGGRESSIVE;
				GCC_WARN_UNUSED_FUNCTION = YES;
				GCC_WARN_UNUSED_VARIABLE = YES;
				IPHONEOS_DEPLOYMENT_TARGET = 13.5;
				MTL_ENABLE_DEBUG_INFO = INCLUDE_SOURCE;
				MTL_FAST_MATH = YES;
				ONLY_ACTIVE_ARCH = YES;
				SDKROOT = iphoneos;
				SWIFT_ACTIVE_COMPILATION_CONDITIONS = DEBUG;
				SWIFT_OPTIMIZATION_LEVEL = "-Onone";
			};
			name = Debug;
		};
		944F5F4024B7B03C00B826C1 /* Release */ = {
			isa = XCBuildConfiguration;
			buildSettings = {
				ALWAYS_SEARCH_USER_PATHS = NO;
				CLANG_ANALYZER_NONNULL = YES;
				CLANG_ANALYZER_NUMBER_OBJECT_CONVERSION = YES_AGGRESSIVE;
				CLANG_CXX_LANGUAGE_STANDARD = "gnu++14";
				CLANG_CXX_LIBRARY = "libc++";
				CLANG_ENABLE_MODULES = YES;
				CLANG_ENABLE_OBJC_ARC = YES;
				CLANG_ENABLE_OBJC_WEAK = YES;
				CLANG_WARN_BLOCK_CAPTURE_AUTORELEASING = YES;
				CLANG_WARN_BOOL_CONVERSION = YES;
				CLANG_WARN_COMMA = YES;
				CLANG_WARN_CONSTANT_CONVERSION = YES;
				CLANG_WARN_DEPRECATED_OBJC_IMPLEMENTATIONS = YES;
				CLANG_WARN_DIRECT_OBJC_ISA_USAGE = YES_ERROR;
				CLANG_WARN_DOCUMENTATION_COMMENTS = YES;
				CLANG_WARN_EMPTY_BODY = YES;
				CLANG_WARN_ENUM_CONVERSION = YES;
				CLANG_WARN_INFINITE_RECURSION = YES;
				CLANG_WARN_INT_CONVERSION = YES;
				CLANG_WARN_NON_LITERAL_NULL_CONVERSION = YES;
				CLANG_WARN_OBJC_IMPLICIT_RETAIN_SELF = YES;
				CLANG_WARN_OBJC_LITERAL_CONVERSION = YES;
				CLANG_WARN_OBJC_ROOT_CLASS = YES_ERROR;
				CLANG_WARN_RANGE_LOOP_ANALYSIS = YES;
				CLANG_WARN_STRICT_PROTOTYPES = YES;
				CLANG_WARN_SUSPICIOUS_MOVE = YES;
				CLANG_WARN_UNGUARDED_AVAILABILITY = YES_AGGRESSIVE;
				CLANG_WARN_UNREACHABLE_CODE = YES;
				CLANG_WARN__DUPLICATE_METHOD_MATCH = YES;
				COPY_PHASE_STRIP = NO;
				DEBUG_INFORMATION_FORMAT = "dwarf-with-dsym";
				ENABLE_NS_ASSERTIONS = NO;
				ENABLE_STRICT_OBJC_MSGSEND = YES;
				GCC_C_LANGUAGE_STANDARD = gnu11;
				GCC_NO_COMMON_BLOCKS = YES;
				GCC_WARN_64_TO_32_BIT_CONVERSION = YES;
				GCC_WARN_ABOUT_RETURN_TYPE = YES_ERROR;
				GCC_WARN_UNDECLARED_SELECTOR = YES;
				GCC_WARN_UNINITIALIZED_AUTOS = YES_AGGRESSIVE;
				GCC_WARN_UNUSED_FUNCTION = YES;
				GCC_WARN_UNUSED_VARIABLE = YES;
				IPHONEOS_DEPLOYMENT_TARGET = 13.5;
				MTL_ENABLE_DEBUG_INFO = NO;
				MTL_FAST_MATH = YES;
				SDKROOT = iphoneos;
				SWIFT_COMPILATION_MODE = wholemodule;
				SWIFT_OPTIMIZATION_LEVEL = "-O";
				VALIDATE_PRODUCT = YES;
			};
			name = Release;
		};
		944F5F4224B7B03C00B826C1 /* Debug */ = {
			isa = XCBuildConfiguration;
			buildSettings = {
				ASSETCATALOG_COMPILER_APPICON_NAME = AppIcon;
				CODE_SIGN_STYLE = Automatic;
				INFOPLIST_FILE = TableView5/Info.plist;
				LD_RUNPATH_SEARCH_PATHS = (
					"$(inherited)",
					"@executable_path/Frameworks",
				);
				PRODUCT_BUNDLE_IDENTIFIER = Dd997.TableView5;
				PRODUCT_NAME = "$(TARGET_NAME)";
				SWIFT_VERSION = 5.0;
				TARGETED_DEVICE_FAMILY = "1,2";
			};
			name = Debug;
		};
		944F5F4324B7B03C00B826C1 /* Release */ = {
			isa = XCBuildConfiguration;
			buildSettings = {
				ASSETCATALOG_COMPILER_APPICON_NAME = AppIcon;
				CODE_SIGN_STYLE = Automatic;
				INFOPLIST_FILE = TableView5/Info.plist;
				LD_RUNPATH_SEARCH_PATHS = (
					"$(inherited)",
					"@executable_path/Frameworks",
				);
				PRODUCT_BUNDLE_IDENTIFIER = Dd997.TableView5;
				PRODUCT_NAME = "$(TARGET_NAME)";
				SWIFT_VERSION = 5.0;
				TARGETED_DEVICE_FAMILY = "1,2";
			};
			name = Release;
		};
/* End XCBuildConfiguration section */

/* Begin XCConfigurationList section */
		944F5F2824B7B03B00B826C1 /* Build configuration list for PBXProject "TableView5" */ = {
			isa = XCConfigurationList;
			buildConfigurations = (
				944F5F3F24B7B03C00B826C1 /* Debug */,
				944F5F4024B7B03C00B826C1 /* Release */,
			);
			defaultConfigurationIsVisible = 0;
			defaultConfigurationName = Release;
		};
		944F5F4124B7B03C00B826C1 /* Build configuration list for PBXNativeTarget "TableView5" */ = {
			isa = XCConfigurationList;
			buildConfigurations = (
				944F5F4224B7B03C00B826C1 /* Debug */,
				944F5F4324B7B03C00B826C1 /* Release */,
			);
			defaultConfigurationIsVisible = 0;
			defaultConfigurationName = Release;
		};
/* End XCConfigurationList section */
	};
	rootObject = 944F5F2524B7B03B00B826C1 /* Project object */;
}
